
Microsoft Visual Studio Solution File, Format Version 12.00
# Visual Studio 15
VisualStudioVersion = 15.0.28307.106
MinimumVisualStudioVersion = 10.0.40219.1
Project("{9A19103F-16F7-4668-BE54-9A1E7A4F7556}") = "TestWebApplication", "TestWebApplication\TestWebApplication.csproj", "{8AA41369-AF43-4608-8694-B47F9A553D48}"
EndProject
Project("{9A19103F-16F7-4668-BE54-9A1E7A4F7556}") = "WeihanLi.AspNetCore.Authentication", "WeihanLi.AspNetCore.Authentication\WeihanLi.AspNetCore.Authentication.csproj", "{9933DAAF-A061-40C0-88F2-3E34AA011615}"
EndProject
Project("{9A19103F-16F7-4668-BE54-9A1E7A4F7556}") = "WeihanLi.Configuration.Redis", "WeihanLi.Configuration\WeihanLi.Configuration.Redis\WeihanLi.Configuration.Redis.csproj", "{7934487B-1771-4F22-834C-4FA62C44E3EE}"
EndProject
Project("{9A19103F-16F7-4668-BE54-9A1E7A4F7556}") = "WeihanLi.Configuration.EntityFramework", "WeihanLi.Configuration\WeihanLi.Configuration.EntityFramework\WeihanLi.Configuration.EntityFramework.csproj", "{99311A9D-3DD1-476F-BAE3-8C5469BC2E5C}"
EndProject
Project("{9A19103F-16F7-4668-BE54-9A1E7A4F7556}") = "WeihanLi.Ocelot.ConfigurationProvider.EntityFramework", "WeihanLi.Ocelot.ConfigurationProviders\WeihanLi.Ocelot.ConfigurationProvider.EntityFramework\WeihanLi.Ocelot.ConfigurationProvider.EntityFramework.csproj", "{588F019E-6AA4-4D60-8392-34E5036F49AF}"
EndProject
Project("{9A19103F-16F7-4668-BE54-9A1E7A4F7556}") = "WeihanLi.Ocelot.ConfigurationProvider.Redis", "WeihanLi.Ocelot.ConfigurationProviders\WeihanLi.Ocelot.ConfigurationProvider.Redis\WeihanLi.Ocelot.ConfigurationProvider.Redis.csproj", "{7C31A417-A4A7-4AA1-BC18-B42975EF5C86}"
EndProject
Project("{FAE04EC0-301F-11D3-BF4B-00C04F79EFBC}") = "TestGateway", "TestGateway\TestGateway.csproj", "{8A8AEFAF-C152-46D1-893D-42BEC306DD28}"
EndProject
Global
	GlobalSection(SolutionConfigurationPlatforms) = preSolution
		Debug|Any CPU = Debug|Any CPU
		Release|Any CPU = Release|Any CPU
	EndGlobalSection
	GlobalSection(ProjectConfigurationPlatforms) = postSolution
		{8AA41369-AF43-4608-8694-B47F9A553D48}.Debug|Any CPU.ActiveCfg = Debug|Any CPU
		{8AA41369-AF43-4608-8694-B47F9A553D48}.Debug|Any CPU.Build.0 = Debug|Any CPU
		{8AA41369-AF43-4608-8694-B47F9A553D48}.Release|Any CPU.ActiveCfg = Release|Any CPU
		{8AA41369-AF43-4608-8694-B47F9A553D48}.Release|Any CPU.Build.0 = Release|Any CPU
		{9933DAAF-A061-40C0-88F2-3E34AA011615}.Debug|Any CPU.ActiveCfg = Debug|Any CPU
		{9933DAAF-A061-40C0-88F2-3E34AA011615}.Debug|Any CPU.Build.0 = Debug|Any CPU
		{9933DAAF-A061-40C0-88F2-3E34AA011615}.Release|Any CPU.ActiveCfg = Release|Any CPU
		{9933DAAF-A061-40C0-88F2-3E34AA011615}.Release|Any CPU.Build.0 = Release|Any CPU
		{7934487B-1771-4F22-834C-4FA62C44E3EE}.Debug|Any CPU.ActiveCfg = Debug|Any CPU
		{7934487B-1771-4F22-834C-4FA62C44E3EE}.Debug|Any CPU.Build.0 = Debug|Any CPU
		{7934487B-1771-4F22-834C-4FA62C44E3EE}.Release|Any CPU.ActiveCfg = Release|Any CPU
		{7934487B-1771-4F22-834C-4FA62C44E3EE}.Release|Any CPU.Build.0 = Release|Any CPU
		{99311A9D-3DD1-476F-BAE3-8C5469BC2E5C}.Debug|Any CPU.ActiveCfg = Debug|Any CPU
		{99311A9D-3DD1-476F-BAE3-8C5469BC2E5C}.Debug|Any CPU.Build.0 = Debug|Any CPU
		{99311A9D-3DD1-476F-BAE3-8C5469BC2E5C}.Release|Any CPU.ActiveCfg = Release|Any CPU
		{99311A9D-3DD1-476F-BAE3-8C5469BC2E5C}.Release|Any CPU.Build.0 = Release|Any CPU
		{588F019E-6AA4-4D60-8392-34E5036F49AF}.Debug|Any CPU.ActiveCfg = Debug|Any CPU
		{588F019E-6AA4-4D60-8392-34E5036F49AF}.Debug|Any CPU.Build.0 = Debug|Any CPU
		{588F019E-6AA4-4D60-8392-34E5036F49AF}.Release|Any CPU.ActiveCfg = Release|Any CPU
		{588F019E-6AA4-4D60-8392-34E5036F49AF}.Release|Any CPU.Build.0 = Release|Any CPU
		{7C31A417-A4A7-4AA1-BC18-B42975EF5C86}.Debug|Any CPU.ActiveCfg = Debug|Any CPU
		{7C31A417-A4A7-4AA1-BC18-B42975EF5C86}.Debug|Any CPU.Build.0 = Debug|Any CPU
		{7C31A417-A4A7-4AA1-BC18-B42975EF5C86}.Release|Any CPU.ActiveCfg = Release|Any CPU
		{7C31A417-A4A7-4AA1-BC18-B42975EF5C86}.Release|Any CPU.Build.0 = Release|Any CPU
		{8A8AEFAF-C152-46D1-893D-42BEC306DD28}.Debug|Any CPU.ActiveCfg = Debug|Any CPU
		{8A8AEFAF-C152-46D1-893D-42BEC306DD28}.Debug|Any CPU.Build.0 = Debug|Any CPU
		{8A8AEFAF-C152-46D1-893D-42BEC306DD28}.Release|Any CPU.ActiveCfg = Release|Any CPU
		{8A8AEFAF-C152-46D1-893D-42BEC306DD28}.Release|Any CPU.Build.0 = Release|Any CPU
	EndGlobalSection
	GlobalSection(SolutionProperties) = preSolution
		HideSolutionNode = FALSE
	EndGlobalSection
	GlobalSection(ExtensibilityGlobals) = postSolution
		SolutionGuid = {6BD439BC-6EFB-459D-96B1-AB8A49114823}
	EndGlobalSection
EndGlobal
