
Microsoft Visual Studio Solution File, Format Version 12.00
# Visual Studio 15
VisualStudioVersion = 15.0.28307.106
MinimumVisualStudioVersion = 10.0.40219.1
Project("{9A19103F-16F7-4668-BE54-9A1E7A4F7556}") = "TestWebApplication", "TestWebApplication\TestWebApplication.csproj", "{8AA41369-AF43-4608-8694-B47F9A553D48}"
EndProject
Project("{FAE04EC0-301F-11D3-BF4B-00C04F79EFBC}") = "WeihanLi.AspNetCore.Authentication", "WeihanLi.AspNetCore.Authentication\WeihanLi.AspNetCore.Authentication.csproj", "{9933DAAF-A061-40C0-88F2-3E34AA011615}"
EndProject
Global
	GlobalSection(SolutionConfigurationPlatforms) = preSolution
		Debug|Any CPU = Debug|Any CPU
		Release|Any CPU = Release|Any CPU
	EndGlobalSection
	GlobalSection(ProjectConfigurationPlatforms) = postSolution
		{8AA41369-AF43-4608-8694-B47F9A553D48}.Debug|Any CPU.ActiveCfg = Debug|Any CPU
		{8AA41369-AF43-4608-8694-B47F9A553D48}.Debug|Any CPU.Build.0 = Debug|Any CPU
		{8AA41369-AF43-4608-8694-B47F9A553D48}.Release|Any CPU.ActiveCfg = Release|Any CPU
		{8AA41369-AF43-4608-8694-B47F9A553D48}.Release|Any CPU.Build.0 = Release|Any CPU
		{9933DAAF-A061-40C0-88F2-3E34AA011615}.Debug|Any CPU.ActiveCfg = Debug|Any CPU
		{9933DAAF-A061-40C0-88F2-3E34AA011615}.Debug|Any CPU.Build.0 = Debug|Any CPU
		{9933DAAF-A061-40C0-88F2-3E34AA011615}.Release|Any CPU.ActiveCfg = Release|Any CPU
		{9933DAAF-A061-40C0-88F2-3E34AA011615}.Release|Any CPU.Build.0 = Release|Any CPU
	EndGlobalSection
	GlobalSection(SolutionProperties) = preSolution
		HideSolutionNode = FALSE
	EndGlobalSection
	GlobalSection(ExtensibilityGlobals) = postSolution
		SolutionGuid = {6BD439BC-6EFB-459D-96B1-AB8A49114823}
	EndGlobalSection
EndGlobal
